
Microsoft Visual Studio Solution File, Format Version 12.00
# Visual Studio Version 17
VisualStudioVersion = 17.12.35527.113 d17.12
MinimumVisualStudioVersion = 10.0.40219.1
Project("{F184B08F-C81C-45F6-A57F-5ABD9991F28F}") = "VariablesAndDataTypesAndStuff", "VariablesAndDataTypesAndStuff\VariablesAndDataTypesAndStuff.vbproj", "{8FF2F5FC-7443-46D0-BE3B-EF2D11C1B2E3}"
EndProject
Global
	GlobalSection(SolutionConfigurationPlatforms) = preSolution
		Debug|Any CPU = Debug|Any CPU
		Release|Any CPU = Release|Any CPU
	EndGlobalSection
	GlobalSection(ProjectConfigurationPlatforms) = postSolution
		{8FF2F5FC-7443-46D0-BE3B-EF2D11C1B2E3}.Debug|Any CPU.ActiveCfg = Debug|Any CPU
		{8FF2F5FC-7443-46D0-BE3B-EF2D11C1B2E3}.Debug|Any CPU.Build.0 = Debug|Any CPU
		{8FF2F5FC-7443-46D0-BE3B-EF2D11C1B2E3}.Release|Any CPU.ActiveCfg = Release|Any CPU
		{8FF2F5FC-7443-46D0-BE3B-EF2D11C1B2E3}.Release|Any CPU.Build.0 = Release|Any CPU
	EndGlobalSection
	GlobalSection(SolutionProperties) = preSolution
		HideSolutionNode = FALSE
	EndGlobalSection
EndGlobal
